github.com/axgle/mahonia v0.0.0-20180208002826-3358181d7394 h1:OYA+5W64v3OgClL+IrOD63t4i/RW7RqrAVl9LTZ9UqQ=
github.com/axgle/mahonia v0.0.0-20180208002826-3358181d7394/go.mod h1:Q8n74mJTIgjX4RBBcHnJ05h//6/k6foqmgE45jTQtxg=
github.com/eddieivan01/nic v0.3.1 h1:J6VqzRaiBQsflbxpvjA7PLpJKf37GckXoCJBoYmRq+k=
github.com/eddieivan01/nic v0.3.1/go.mod h1:Q5QzWaCzDFX9+3+3A4a4FDbeGLhlBam0ue4X6vSBIxQ=
